// !$*UTF8*$!
{
	archiveVersion = 1;
	classes = {
	};
	objectVersion = 50;
	objects = {

/* Begin PBXBuildFile section */
		F764855D24D07E75005A1EAE /* AppDelegate.swift in Sources */ = {isa = PBXBuildFile; fileRef = F764855C24D07E75005A1EAE /* AppDelegate.swift */; };
		F764855F24D07E75005A1EAE /* SceneDelegate.swift in Sources */ = {isa = PBXBuildFile; fileRef = F764855E24D07E75005A1EAE /* SceneDelegate.swift */; };
		F764856124D07E75005A1EAE /* ViewController.swift in Sources */ = {isa = PBXBuildFile; fileRef = F764856024D07E75005A1EAE /* ViewController.swift */; };
		F764856424D07E75005A1EAE /* Main.storyboard in Resources */ = {isa = PBXBuildFile; fileRef = F764856224D07E75005A1EAE /* Main.storyboard */; };
		F764856724D07E75005A1EAE /* final_project_11.xcdatamodeld in Sources */ = {isa = PBXBuildFile; fileRef = F764856524D07E75005A1EAE /* final_project_11.xcdatamodeld */; };
		F764856924D07E77005A1EAE /* Assets.xcassets in Resources */ = {isa = PBXBuildFile; fileRef = F764856824D07E77005A1EAE /* Assets.xcassets */; };
		F764856C24D07E77005A1EAE /* LaunchScreen.storyboard in Resources */ = {isa = PBXBuildFile; fileRef = F764856A24D07E77005A1EAE /* LaunchScreen.storyboard */; };
/* End PBXBuildFile section */

/* Begin PBXFileReference section */
		F764855924D07E75005A1EAE /* final project 11.app */ = {isa = PBXFileReference; explicitFileType = wrapper.application; includeInIndex = 0; path = "final project 11.app"; sourceTree = BUILT_PRODUCTS_DIR; };
		F764855C24D07E75005A1EAE /* AppDelegate.swift */ = {isa = PBXFileReference; lastKnownFileType = sourcecode.swift; path = AppDelegate.swift; sourceTree = "<group>"; };
		F764855E24D07E75005A1EAE /* SceneDelegate.swift */ = {isa = PBXFileReference; lastKnownFileType = sourcecode.swift; path = SceneDelegate.swift; sourceTree = "<group>"; };
		F764856024D07E75005A1EAE /* ViewController.swift */ = {isa = PBXFileReference; lastKnownFileType = sourcecode.swift; path = ViewController.swift; sourceTree = "<group>"; };
		F764856324D07E75005A1EAE /* Base */ = {isa = PBXFileReference; lastKnownFileType = file.storyboard; name = Base; path = Base.lproj/Main.storyboard; sourceTree = "<group>"; };
		F764856624D07E75005A1EAE /* final_project_11.xcdatamodel */ = {isa = PBXFileReference; lastKnownFileType = wrapper.xcdatamodel; path = final_project_11.xcdatamodel; sourceTree = "<group>"; };
		F764856824D07E77005A1EAE /* Assets.xcassets */ = {isa = PBXFileReference; lastKnownFileType = folder.assetcatalog; path = Assets.xcassets; sourceTree = "<group>"; };
		F764856B24D07E77005A1EAE /* Base */ = {isa = PBXFileReference; lastKnownFileType = file.storyboard; name = Base; path = Base.lproj/LaunchScreen.storyboard; sourceTree = "<group>"; };
		F764856D24D07E77005A1EAE /* Info.plist */ = {isa = PBXFileReference; lastKnownFileType = text.plist.xml; path = Info.plist; sourceTree = "<group>"; };
/* End PBXFileReference section */

/* Begin PBXFrameworksBuildPhase section */
		F764855624D07E75005A1EAE /* Frameworks */ = {
			isa = PBXFrameworksBuildPhase;
			buildActionMask = 2147483647;
			files = (
			);
			runOnlyForDeploymentPostprocessing = 0;
		};
/* End PBXFrameworksBuildPhase section */

/* Begin PBXGroup section */
		F764855024D07E75005A1EAE = {
			isa = PBXGroup;
			children = (
				F764855B24D07E75005A1EAE /* final project 11 */,
				F764855A24D07E75005A1EAE /* Products */,
			);
			sourceTree = "<group>";
		};
		F764855A24D07E75005A1EAE /* Products */ = {
			isa = PBXGroup;
			children = (
				F764855924D07E75005A1EAE /* final project 11.app */,
			);
			name = Products;
			sourceTree = "<group>";
		};
		F764855B24D07E75005A1EAE /* final project 11 */ = {
			isa = PBXGroup;
			children = (
				F764855C24D07E75005A1EAE /* AppDelegate.swift */,
				F764855E24D07E75005A1EAE /* SceneDelegate.swift */,
				F764856024D07E75005A1EAE /* ViewController.swift */,
				F764856224D07E75005A1EAE /* Main.storyboard */,
				F764856824D07E77005A1EAE /* Assets.xcassets */,
				F764856A24D07E77005A1EAE /* LaunchScreen.storyboard */,
				F764856D24D07E77005A1EAE /* Info.plist */,
				F764856524D07E75005A1EAE /* final_project_11.xcdatamodeld */,
			);
			path = "final project 11";
			sourceTree = "<group>";
		};
/* End PBXGroup section */

/* Begin PBXNativeTarget section */
		F764855824D07E75005A1EAE /* final project 11 */ = {
			isa = PBXNativeTarget;
			buildConfigurationList = F764857024D07E77005A1EAE /* Build configuration list for PBXNativeTarget "final project 11" */;
			buildPhases = (
				F764855524D07E75005A1EAE /* Sources */,
				F764855624D07E75005A1EAE /* Frameworks */,
				F764855724D07E75005A1EAE /* Resources */,
			);
			buildRules = (
			);
			dependencies = (
			);
			name = "final project 11";
			productName = "final project 11";
			productReference = F764855924D07E75005A1EAE /* final project 11.app */;
			productType = "com.apple.product-type.application";
		};
/* End PBXNativeTarget section */

/* Begin PBXProject section */
		F764855124D07E75005A1EAE /* Project object */ = {
			isa = PBXProject;
			attributes = {
				LastSwiftUpdateCheck = 1150;
				LastUpgradeCheck = 1150;
				ORGANIZATIONNAME = "emma gabos";
				TargetAttributes = {
					F764855824D07E75005A1EAE = {
						CreatedOnToolsVersion = 11.5;
					};
				};
			};
			buildConfigurationList = F764855424D07E75005A1EAE /* Build configuration list for PBXProject "final project 11" */;
			compatibilityVersion = "Xcode 9.3";
			developmentRegion = en;
			hasScannedForEncodings = 0;
			knownRegions = (
				en,
				Base,
			);
			mainGroup = F764855024D07E75005A1EAE;
			productRefGroup = F764855A24D07E75005A1EAE /* Products */;
			projectDirPath = "";
			projectRoot = "";
			targets = (
				F764855824D07E75005A1EAE /* final project 11 */,
			);
		};
/* End PBXProject section */

/* Begin PBXResourcesBuildPhase section */
		F764855724D07E75005A1EAE /* Resources */ = {
			isa = PBXResourcesBuildPhase;
			buildActionMask = 2147483647;
			files = (
				F764856C24D07E77005A1EAE /* LaunchScreen.storyboard in Resources */,
				F764856924D07E77005A1EAE /* Assets.xcassets in Resources */,
				F764856424D07E75005A1EAE /* Main.storyboard in Resources */,
			);
			runOnlyForDeploymentPostprocessing = 0;
		};
/* End PBXResourcesBuildPhase section */

/* Begin PBXSourcesBuildPhase section */
		F764855524D07E75005A1EAE /* Sources */ = {
			isa = PBXSourcesBuildPhase;
			buildActionMask = 2147483647;
			files = (
				F764856124D07E75005A1EAE /* ViewController.swift in Sources */,
				F764855D24D07E75005A1EAE /* AppDelegate.swift in Sources */,
				F764856724D07E75005A1EAE /* final_project_11.xcdatamodeld in Sources */,
				F764855F24D07E75005A1EAE /* SceneDelegate.swift in Sources */,
			);
			runOnlyForDeploymentPostprocessing = 0;
		};
/* End PBXSourcesBuildPhase section */

/* Begin PBXVariantGroup section */
		F764856224D07E75005A1EAE /* Main.storyboard */ = {
			isa = PBXVariantGroup;
			children = (
				F764856324D07E75005A1EAE /* Base */,
			);
			name = Main.storyboard;
			sourceTree = "<group>";
		};
		F764856A24D07E77005A1EAE /* LaunchScreen.storyboard */ = {
			isa = PBXVariantGroup;
			children = (
				F764856B24D07E77005A1EAE /* Base */,
			);
			name = LaunchScreen.storyboard;
			sourceTree = "<group>";
		};
/* End PBXVariantGroup section */

/* Begin XCBuildConfiguration section */
		F764856E24D07E77005A1EAE /* Debug */ = {
			isa = XCBuildConfiguration;
			buildSettings = {
				ALWAYS_SEARCH_USER_PATHS = NO;
				CLANG_ANALYZER_NONNULL = YES;
				CLANG_ANALYZER_NUMBER_OBJECT_CONVERSION = YES_AGGRESSIVE;
				CLANG_CXX_LANGUAGE_STANDARD = "gnu++14";
				CLANG_CXX_LIBRARY = "libc++";
				CLANG_ENABLE_MODULES = YES;
				CLANG_ENABLE_OBJC_ARC = YES;
				CLANG_ENABLE_OBJC_WEAK = YES;
				CLANG_WARN_BLOCK_CAPTURE_AUTORELEASING = YES;
				CLANG_WARN_BOOL_CONVERSION = YES;
				CLANG_WARN_COMMA = YES;
				CLANG_WARN_CONSTANT_CONVERSION = YES;
				CLANG_WARN_DEPRECATED_OBJC_IMPLEMENTATIONS = YES;
				CLANG_WARN_DIRECT_OBJC_ISA_USAGE = YES_ERROR;
				CLANG_WARN_DOCUMENTATION_COMMENTS = YES;
				CLANG_WARN_EMPTY_BODY = YES;
				CLANG_WARN_ENUM_CONVERSION = YES;
				CLANG_WARN_INFINITE_RECURSION = YES;
				CLANG_WARN_INT_CONVERSION = YES;
				CLANG_WARN_NON_LITERAL_NULL_CONVERSION = YES;
				CLANG_WARN_OBJC_IMPLICIT_RETAIN_SELF = YES;
				CLANG_WARN_OBJC_LITERAL_CONVERSION = YES;
				CLANG_WARN_OBJC_ROOT_CLASS = YES_ERROR;
				CLANG_WARN_RANGE_LOOP_ANALYSIS = YES;
				CLANG_WARN_STRICT_PROTOTYPES = YES;
				CLANG_WARN_SUSPICIOUS_MOVE = YES;
				CLANG_WARN_UNGUARDED_AVAILABILITY = YES_AGGRESSIVE;
				CLANG_WARN_UNREACHABLE_CODE = YES;
				CLANG_WARN__DUPLICATE_METHOD_MATCH = YES;
				COPY_PHASE_STRIP = NO;
				DEBUG_INFORMATION_FORMAT = dwarf;
				ENABLE_STRICT_OBJC_MSGSEND = YES;
				ENABLE_TESTABILITY = YES;
				GCC_C_LANGUAGE_STANDARD = gnu11;
				GCC_DYNAMIC_NO_PIC = NO;
				GCC_NO_COMMON_BLOCKS = YES;
				GCC_OPTIMIZATION_LEVEL = 0;
				GCC_PREPROCESSOR_DEFINITIONS = (
					"DEBUG=1",
					"$(inherited)",
				);
				GCC_WARN_64_TO_32_BIT_CONVERSION = YES;
				GCC_WARN_ABOUT_RETURN_TYPE = YES_ERROR;
				GCC_WARN_UNDECLARED_SELECTOR = YES;
				GCC_WARN_UNINITIALIZED_AUTOS = YES_AGGRESSIVE;
				GCC_WARN_UNUSED_FUNCTION = YES;
				GCC_WARN_UNUSED_VARIABLE = YES;
				IPHONEOS_DEPLOYMENT_TARGET = 13.5;
				MTL_ENABLE_DEBUG_INFO = INCLUDE_SOURCE;
				MTL_FAST_MATH = YES;
				ONLY_ACTIVE_ARCH = YES;
				SDKROOT = iphoneos;
				SWIFT_ACTIVE_COMPILATION_CONDITIONS = DEBUG;
				SWIFT_OPTIMIZATION_LEVEL = "-Onone";
			};
			name = Debug;
		};
		F764856F24D07E77005A1EAE /* Release */ = {
			isa = XCBuildConfiguration;
			buildSettings = {
				ALWAYS_SEARCH_USER_PATHS = NO;
				CLANG_ANALYZER_NONNULL = YES;
				CLANG_ANALYZER_NUMBER_OBJECT_CONVERSION = YES_AGGRESSIVE;
				CLANG_CXX_LANGUAGE_STANDARD = "gnu++14";
				CLANG_CXX_LIBRARY = "libc++";
				CLANG_ENABLE_MODULES = YES;
				CLANG_ENABLE_OBJC_ARC = YES;
				CLANG_ENABLE_OBJC_WEAK = YES;
				CLANG_WARN_BLOCK_CAPTURE_AUTORELEASING = YES;
				CLANG_WARN_BOOL_CONVERSION = YES;
				CLANG_WARN_COMMA = YES;
				CLANG_WARN_CONSTANT_CONVERSION = YES;
				CLANG_WARN_DEPRECATED_OBJC_IMPLEMENTATIONS = YES;
				CLANG_WARN_DIRECT_OBJC_ISA_USAGE = YES_ERROR;
				CLANG_WARN_DOCUMENTATION_COMMENTS = YES;
				CLANG_WARN_EMPTY_BODY = YES;
				CLANG_WARN_ENUM_CONVERSION = YES;
				CLANG_WARN_INFINITE_RECURSION = YES;
				CLANG_WARN_INT_CONVERSION = YES;
				CLANG_WARN_NON_LITERAL_NULL_CONVERSION = YES;
				CLANG_WARN_OBJC_IMPLICIT_RETAIN_SELF = YES;
				CLANG_WARN_OBJC_LITERAL_CONVERSION = YES;
				CLANG_WARN_OBJC_ROOT_CLASS = YES_ERROR;
				CLANG_WARN_RANGE_LOOP_ANALYSIS = YES;
				CLANG_WARN_STRICT_PROTOTYPES = YES;
				CLANG_WARN_SUSPICIOUS_MOVE = YES;
				CLANG_WARN_UNGUARDED_AVAILABILITY = YES_AGGRESSIVE;
				CLANG_WARN_UNREACHABLE_CODE = YES;
				CLANG_WARN__DUPLICATE_METHOD_MATCH = YES;
				COPY_PHASE_STRIP = NO;
				DEBUG_INFORMATION_FORMAT = "dwarf-with-dsym";
				ENABLE_NS_ASSERTIONS = NO;
				ENABLE_STRICT_OBJC_MSGSEND = YES;
				GCC_C_LANGUAGE_STANDARD = gnu11;
				GCC_NO_COMMON_BLOCKS = YES;
				GCC_WARN_64_TO_32_BIT_CONVERSION = YES;
				GCC_WARN_ABOUT_RETURN_TYPE = YES_ERROR;
				GCC_WARN_UNDECLARED_SELECTOR = YES;
				GCC_WARN_UNINITIALIZED_AUTOS = YES_AGGRESSIVE;
				GCC_WARN_UNUSED_FUNCTION = YES;
				GCC_WARN_UNUSED_VARIABLE = YES;
				IPHONEOS_DEPLOYMENT_TARGET = 13.5;
				MTL_ENABLE_DEBUG_INFO = NO;
				MTL_FAST_MATH = YES;
				SDKROOT = iphoneos;
				SWIFT_COMPILATION_MODE = wholemodule;
				SWIFT_OPTIMIZATION_LEVEL = "-O";
				VALIDATE_PRODUCT = YES;
			};
			name = Release;
		};
		F764857124D07E77005A1EAE /* Debug */ = {
			isa = XCBuildConfiguration;
			buildSettings = {
				ASSETCATALOG_COMPILER_APPICON_NAME = AppIcon;
				CODE_SIGN_STYLE = Automatic;
				DEVELOPMENT_TEAM = ZWU38F4X3V;
				INFOPLIST_FILE = "final project 11/Info.plist";
				LD_RUNPATH_SEARCH_PATHS = (
					"$(inherited)",
					"@executable_path/Frameworks",
				);
				PRODUCT_BUNDLE_IDENTIFIER = "EG.final-project-11";
				PRODUCT_NAME = "$(TARGET_NAME)";
				SWIFT_VERSION = 5.0;
				TARGETED_DEVICE_FAMILY = "1,2";
			};
			name = Debug;
		};
		F764857224D07E77005A1EAE /* Release */ = {
			isa = XCBuildConfiguration;
			buildSettings = {
				ASSETCATALOG_COMPILER_APPICON_NAME = AppIcon;
				CODE_SIGN_STYLE = Automatic;
				DEVELOPMENT_TEAM = ZWU38F4X3V;
				INFOPLIST_FILE = "final project 11/Info.plist";
				LD_RUNPATH_SEARCH_PATHS = (
					"$(inherited)",
					"@executable_path/Frameworks",
				);
				PRODUCT_BUNDLE_IDENTIFIER = "EG.final-project-11";
				PRODUCT_NAME = "$(TARGET_NAME)";
				SWIFT_VERSION = 5.0;
				TARGETED_DEVICE_FAMILY = "1,2";
			};
			name = Release;
		};
/* End XCBuildConfiguration section */

/* Begin XCConfigurationList section */
		F764855424D07E75005A1EAE /* Build configuration list for PBXProject "final project 11" */ = {
			isa = XCConfigurationList;
			buildConfigurations = (
				F764856E24D07E77005A1EAE /* Debug */,
				F764856F24D07E77005A1EAE /* Release */,
			);
			defaultConfigurationIsVisible = 0;
			defaultConfigurationName = Release;
		};
		F764857024D07E77005A1EAE /* Build configuration list for PBXNativeTarget "final project 11" */ = {
			isa = XCConfigurationList;
			buildConfigurations = (
				F764857124D07E77005A1EAE /* Debug */,
				F764857224D07E77005A1EAE /* Release */,
			);
			defaultConfigurationIsVisible = 0;
			defaultConfigurationName = Release;
		};
/* End XCConfigurationList section */

/* Begin XCVersionGroup section */
		F764856524D07E75005A1EAE /* final_project_11.xcdatamodeld */ = {
			isa = XCVersionGroup;
			children = (
				F764856624D07E75005A1EAE /* final_project_11.xcdatamodel */,
			);
			currentVersion = F764856624D07E75005A1EAE /* final_project_11.xcdatamodel */;
			path = final_project_11.xcdatamodeld;
			sourceTree = "<group>";
			versionGroupType = wrapper.xcdatamodel;
		};
/* End XCVersionGroup section */
	};
	rootObject = F764855124D07E75005A1EAE /* Project object */;
}
